// !$*UTF8*$!
{
	archiveVersion = 1;
	classes = {
	};
	objectVersion = 46;
	objects = {

/* Begin PBXBuildFile section */
		CEB388CD197D481D00D805CA /* JCGAddProductViewController.m in Sources */ = {isa = PBXBuildFile; fileRef = CEB388CC197D481D00D805CA /* JCGAddProductViewController.m */; };
		CEC72CCB196DB5360009BB35 /* Foundation.framework in Frameworks */ = {isa = PBXBuildFile; fileRef = CEC72CCA196DB5360009BB35 /* Foundation.framework */; };
		CEC72CCD196DB5360009BB35 /* CoreGraphics.framework in Frameworks */ = {isa = PBXBuildFile; fileRef = CEC72CCC196DB5360009BB35 /* CoreGraphics.framework */; };
		CEC72CCF196DB5360009BB35 /* UIKit.framework in Frameworks */ = {isa = PBXBuildFile; fileRef = CEC72CCE196DB5360009BB35 /* UIKit.framework */; };
		CEC72CD5196DB5360009BB35 /* InfoPlist.strings in Resources */ = {isa = PBXBuildFile; fileRef = CEC72CD3196DB5360009BB35 /* InfoPlist.strings */; };
		CEC72CD7196DB5360009BB35 /* main.m in Sources */ = {isa = PBXBuildFile; fileRef = CEC72CD6196DB5360009BB35 /* main.m */; };
		CEC72CDB196DB5360009BB35 /* JCGAppDelegate.m in Sources */ = {isa = PBXBuildFile; fileRef = CEC72CDA196DB5360009BB35 /* JCGAppDelegate.m */; };
		CEC72CDE196DB5360009BB35 /* Main_iPhone.storyboard in Resources */ = {isa = PBXBuildFile; fileRef = CEC72CDC196DB5360009BB35 /* Main_iPhone.storyboard */; };
		CEC72CE4196DB5360009BB35 /* JCGMasterViewController.m in Sources */ = {isa = PBXBuildFile; fileRef = CEC72CE3196DB5360009BB35 /* JCGMasterViewController.m */; };
		CEC72CE7196DB5360009BB35 /* JCGDetailViewController.m in Sources */ = {isa = PBXBuildFile; fileRef = CEC72CE6196DB5360009BB35 /* JCGDetailViewController.m */; };
		CEC72CE9196DB5360009BB35 /* Images.xcassets in Resources */ = {isa = PBXBuildFile; fileRef = CEC72CE8196DB5360009BB35 /* Images.xcassets */; };
		CEC72CF0196DB5360009BB35 /* XCTest.framework in Frameworks */ = {isa = PBXBuildFile; fileRef = CEC72CEF196DB5360009BB35 /* XCTest.framework */; };
		CEC72CF1196DB5360009BB35 /* Foundation.framework in Frameworks */ = {isa = PBXBuildFile; fileRef = CEC72CCA196DB5360009BB35 /* Foundation.framework */; };
		CEC72CF2196DB5360009BB35 /* UIKit.framework in Frameworks */ = {isa = PBXBuildFile; fileRef = CEC72CCE196DB5360009BB35 /* UIKit.framework */; };
		CEC72CFA196DB5360009BB35 /* InfoPlist.strings in Resources */ = {isa = PBXBuildFile; fileRef = CEC72CF8196DB5360009BB35 /* InfoPlist.strings */; };
		CEC72CFC196DB5360009BB35 /* ProductProjectTests.m in Sources */ = {isa = PBXBuildFile; fileRef = CEC72CFB196DB5360009BB35 /* ProductProjectTests.m */; };
		CEC72D07196DC23B0009BB35 /* Product.m in Sources */ = {isa = PBXBuildFile; fileRef = CEC72D06196DC23A0009BB35 /* Product.m */; };
		CEC72D09196DC7210009BB35 /* productModels.json in Resources */ = {isa = PBXBuildFile; fileRef = CEC72D08196DC7200009BB35 /* productModels.json */; };
		CEC730101970C06F0009BB35 /* libsqlite3.dylib in Frameworks */ = {isa = PBXBuildFile; fileRef = CEC7300F1970C06F0009BB35 /* libsqlite3.dylib */; };
		CEC73013197415E60009BB35 /* JCGTableViewController.m in Sources */ = {isa = PBXBuildFile; fileRef = CEC73012197415E60009BB35 /* JCGTableViewController.m */; };
		CEC73016197473E40009BB35 /* JCGTableViewCell.m in Sources */ = {isa = PBXBuildFile; fileRef = CEC73015197473E40009BB35 /* JCGTableViewCell.m */; };
/* End PBXBuildFile section */

/* Begin PBXContainerItemProxy section */
		CEC72CF3196DB5360009BB35 /* PBXContainerItemProxy */ = {
			isa = PBXContainerItemProxy;
			containerPortal = CEC72CBF196DB5350009BB35 /* Project object */;
			proxyType = 1;
			remoteGlobalIDString = CEC72CC6196DB5350009BB35;
			remoteInfo = ProductProject;
		};
/* End PBXContainerItemProxy section */

/* Begin PBXFileReference section */
		CEB388CB197D481D00D805CA /* JCGAddProductViewController.h */ = {isa = PBXFileReference; fileEncoding = 4; lastKnownFileType = sourcecode.c.h; path = JCGAddProductViewController.h; sourceTree = "<group>"; };
		CEB388CC197D481D00D805CA /* JCGAddProductViewController.m */ = {isa = PBXFileReference; fileEncoding = 4; lastKnownFileType = sourcecode.c.objc; path = JCGAddProductViewController.m; sourceTree = "<group>"; };
		CEC72CC7196DB5360009BB35 /* ProductProject.app */ = {isa = PBXFileReference; explicitFileType = wrapper.application; includeInIndex = 0; path = ProductProject.app; sourceTree = BUILT_PRODUCTS_DIR; };
		CEC72CCA196DB5360009BB35 /* Foundation.framework */ = {isa = PBXFileReference; lastKnownFileType = wrapper.framework; name = Foundation.framework; path = System/Library/Frameworks/Foundation.framework; sourceTree = SDKROOT; };
		CEC72CCC196DB5360009BB35 /* CoreGraphics.framework */ = {isa = PBXFileReference; lastKnownFileType = wrapper.framework; name = CoreGraphics.framework; path = System/Library/Frameworks/CoreGraphics.framework; sourceTree = SDKROOT; };
		CEC72CCE196DB5360009BB35 /* UIKit.framework */ = {isa = PBXFileReference; lastKnownFileType = wrapper.framework; name = UIKit.framework; path = System/Library/Frameworks/UIKit.framework; sourceTree = SDKROOT; };
		CEC72CD2196DB5360009BB35 /* ProductProject-Info.plist */ = {isa = PBXFileReference; lastKnownFileType = text.plist.xml; path = "ProductProject-Info.plist"; sourceTree = "<group>"; };
		CEC72CD4196DB5360009BB35 /* en */ = {isa = PBXFileReference; lastKnownFileType = text.plist.strings; name = en; path = en.lproj/InfoPlist.strings; sourceTree = "<group>"; };
		CEC72CD6196DB5360009BB35 /* main.m */ = {isa = PBXFileReference; lastKnownFileType = sourcecode.c.objc; path = main.m; sourceTree = "<group>"; };
		CEC72CD8196DB5360009BB35 /* ProductProject-Prefix.pch */ = {isa = PBXFileReference; lastKnownFileType = sourcecode.c.h; path = "ProductProject-Prefix.pch"; sourceTree = "<group>"; };
		CEC72CD9196DB5360009BB35 /* JCGAppDelegate.h */ = {isa = PBXFileReference; lastKnownFileType = sourcecode.c.h; path = JCGAppDelegate.h; sourceTree = "<group>"; };
		CEC72CDA196DB5360009BB35 /* JCGAppDelegate.m */ = {isa = PBXFileReference; lastKnownFileType = sourcecode.c.objc; path = JCGAppDelegate.m; sourceTree = "<group>"; };
		CEC72CDD196DB5360009BB35 /* Base */ = {isa = PBXFileReference; lastKnownFileType = file.storyboard; name = Base; path = Base.lproj/Main_iPhone.storyboard; sourceTree = "<group>"; };
		CEC72CE2196DB5360009BB35 /* JCGMasterViewController.h */ = {isa = PBXFileReference; lastKnownFileType = sourcecode.c.h; path = JCGMasterViewController.h; sourceTree = "<group>"; };
		CEC72CE3196DB5360009BB35 /* JCGMasterViewController.m */ = {isa = PBXFileReference; lastKnownFileType = sourcecode.c.objc; path = JCGMasterViewController.m; sourceTree = "<group>"; };
		CEC72CE5196DB5360009BB35 /* JCGDetailViewController.h */ = {isa = PBXFileReference; lastKnownFileType = sourcecode.c.h; path = JCGDetailViewController.h; sourceTree = "<group>"; };
		CEC72CE6196DB5360009BB35 /* JCGDetailViewController.m */ = {isa = PBXFileReference; lastKnownFileType = sourcecode.c.objc; path = JCGDetailViewController.m; sourceTree = "<group>"; };
		CEC72CE8196DB5360009BB35 /* Images.xcassets */ = {isa = PBXFileReference; lastKnownFileType = folder.assetcatalog; path = Images.xcassets; sourceTree = "<group>"; };
		CEC72CEE196DB5360009BB35 /* ProductProjectTests.xctest */ = {isa = PBXFileReference; explicitFileType = wrapper.cfbundle; includeInIndex = 0; path = ProductProjectTests.xctest; sourceTree = BUILT_PRODUCTS_DIR; };
		CEC72CEF196DB5360009BB35 /* XCTest.framework */ = {isa = PBXFileReference; lastKnownFileType = wrapper.framework; name = XCTest.framework; path = Library/Frameworks/XCTest.framework; sourceTree = DEVELOPER_DIR; };
		CEC72CF7196DB5360009BB35 /* ProductProjectTests-Info.plist */ = {isa = PBXFileReference; lastKnownFileType = text.plist.xml; path = "ProductProjectTests-Info.plist"; sourceTree = "<group>"; };
		CEC72CF9196DB5360009BB35 /* en */ = {isa = PBXFileReference; lastKnownFileType = text.plist.strings; name = en; path = en.lproj/InfoPlist.strings; sourceTree = "<group>"; };
		CEC72CFB196DB5360009BB35 /* ProductProjectTests.m */ = {isa = PBXFileReference; lastKnownFileType = sourcecode.c.objc; path = ProductProjectTests.m; sourceTree = "<group>"; };
		CEC72D05196DC23A0009BB35 /* Product.h */ = {isa = PBXFileReference; fileEncoding = 4; lastKnownFileType = sourcecode.c.h; name = Product.h; path = ../Product.h; sourceTree = "<group>"; };
		CEC72D06196DC23A0009BB35 /* Product.m */ = {isa = PBXFileReference; fileEncoding = 4; lastKnownFileType = sourcecode.c.objc; name = Product.m; path = ../Product.m; sourceTree = "<group>"; };
		CEC72D08196DC7200009BB35 /* productModels.json */ = {isa = PBXFileReference; fileEncoding = 4; lastKnownFileType = text.json; path = productModels.json; sourceTree = "<group>"; };
		CEC7300F1970C06F0009BB35 /* libsqlite3.dylib */ = {isa = PBXFileReference; lastKnownFileType = "compiled.mach-o.dylib"; name = libsqlite3.dylib; path = usr/lib/libsqlite3.dylib; sourceTree = SDKROOT; };
		CEC73011197415E60009BB35 /* JCGTableViewController.h */ = {isa = PBXFileReference; fileEncoding = 4; lastKnownFileType = sourcecode.c.h; path = JCGTableViewController.h; sourceTree = "<group>"; };
		CEC73012197415E60009BB35 /* JCGTableViewController.m */ = {isa = PBXFileReference; fileEncoding = 4; lastKnownFileType = sourcecode.c.objc; path = JCGTableViewController.m; sourceTree = "<group>"; };
		CEC73014197473E40009BB35 /* JCGTableViewCell.h */ = {isa = PBXFileReference; fileEncoding = 4; lastKnownFileType = sourcecode.c.h; name = JCGTableViewCell.h; path = ../JCGTableViewCell.h; sourceTree = "<group>"; };
		CEC73015197473E40009BB35 /* JCGTableViewCell.m */ = {isa = PBXFileReference; fileEncoding = 4; lastKnownFileType = sourcecode.c.objc; name = JCGTableViewCell.m; path = ../JCGTableViewCell.m; sourceTree = "<group>"; };
/* End PBXFileReference section */

/* Begin PBXFrameworksBuildPhase section */
		CEC72CC4196DB5350009BB35 /* Frameworks */ = {
			isa = PBXFrameworksBuildPhase;
			buildActionMask = 2147483647;
			files = (
				CEC730101970C06F0009BB35 /* libsqlite3.dylib in Frameworks */,
				CEC72CCD196DB5360009BB35 /* CoreGraphics.framework in Frameworks */,
				CEC72CCF196DB5360009BB35 /* UIKit.framework in Frameworks */,
				CEC72CCB196DB5360009BB35 /* Foundation.framework in Frameworks */,
			);
			runOnlyForDeploymentPostprocessing = 0;
		};
		CEC72CEB196DB5360009BB35 /* Frameworks */ = {
			isa = PBXFrameworksBuildPhase;
			buildActionMask = 2147483647;
			files = (
				CEC72CF0196DB5360009BB35 /* XCTest.framework in Frameworks */,
				CEC72CF2196DB5360009BB35 /* UIKit.framework in Frameworks */,
				CEC72CF1196DB5360009BB35 /* Foundation.framework in Frameworks */,
			);
			runOnlyForDeploymentPostprocessing = 0;
		};
/* End PBXFrameworksBuildPhase section */

/* Begin PBXGroup section */
		CEC72CBE196DB5350009BB35 = {
			isa = PBXGroup;
			children = (
				CEC72CD0196DB5360009BB35 /* ProductProject */,
				CEC72CF5196DB5360009BB35 /* ProductProjectTests */,
				CEC72CC9196DB5360009BB35 /* Frameworks */,
				CEC72CC8196DB5360009BB35 /* Products */,
			);
			sourceTree = "<group>";
		};
		CEC72CC8196DB5360009BB35 /* Products */ = {
			isa = PBXGroup;
			children = (
				CEC72CC7196DB5360009BB35 /* ProductProject.app */,
				CEC72CEE196DB5360009BB35 /* ProductProjectTests.xctest */,
			);
			name = Products;
			sourceTree = "<group>";
		};
		CEC72CC9196DB5360009BB35 /* Frameworks */ = {
			isa = PBXGroup;
			children = (
				CEC7300F1970C06F0009BB35 /* libsqlite3.dylib */,
				CEC72CCA196DB5360009BB35 /* Foundation.framework */,
				CEC72CCC196DB5360009BB35 /* CoreGraphics.framework */,
				CEC72CCE196DB5360009BB35 /* UIKit.framework */,
				CEC72CEF196DB5360009BB35 /* XCTest.framework */,
			);
			name = Frameworks;
			sourceTree = "<group>";
		};
		CEC72CD0196DB5360009BB35 /* ProductProject */ = {
			isa = PBXGroup;
			children = (
				CEC72D05196DC23A0009BB35 /* Product.h */,
				CEC72D08196DC7200009BB35 /* productModels.json */,
				CEC72D06196DC23A0009BB35 /* Product.m */,
				CEC72CD9196DB5360009BB35 /* JCGAppDelegate.h */,
				CEC72CDA196DB5360009BB35 /* JCGAppDelegate.m */,
				CEC72CDC196DB5360009BB35 /* Main_iPhone.storyboard */,
				CEB388CB197D481D00D805CA /* JCGAddProductViewController.h */,
				CEB388CC197D481D00D805CA /* JCGAddProductViewController.m */,
				CEC73011197415E60009BB35 /* JCGTableViewController.h */,
				CEC73012197415E60009BB35 /* JCGTableViewController.m */,
				CEC73014197473E40009BB35 /* JCGTableViewCell.h */,
				CEC73015197473E40009BB35 /* JCGTableViewCell.m */,
				CEC72CE2196DB5360009BB35 /* JCGMasterViewController.h */,
				CEC72CE3196DB5360009BB35 /* JCGMasterViewController.m */,
				CEC72CE5196DB5360009BB35 /* JCGDetailViewController.h */,
				CEC72CE6196DB5360009BB35 /* JCGDetailViewController.m */,
				CEC72CE8196DB5360009BB35 /* Images.xcassets */,
				CEC72CD1196DB5360009BB35 /* Supporting Files */,
			);
			path = ProductProject;
			sourceTree = "<group>";
		};
		CEC72CD1196DB5360009BB35 /* Supporting Files */ = {
			isa = PBXGroup;
			children = (
				CEC72CD2196DB5360009BB35 /* ProductProject-Info.plist */,
				CEC72CD3196DB5360009BB35 /* InfoPlist.strings */,
				CEC72CD6196DB5360009BB35 /* main.m */,
				CEC72CD8196DB5360009BB35 /* ProductProject-Prefix.pch */,
			);
			name = "Supporting Files";
			sourceTree = "<group>";
		};
		CEC72CF5196DB5360009BB35 /* ProductProjectTests */ = {
			isa = PBXGroup;
			children = (
				CEC72CFB196DB5360009BB35 /* ProductProjectTests.m */,
				CEC72CF6196DB5360009BB35 /* Supporting Files */,
			);
			path = ProductProjectTests;
			sourceTree = "<group>";
		};
		CEC72CF6196DB5360009BB35 /* Supporting Files */ = {
			isa = PBXGroup;
			children = (
				CEC72CF7196DB5360009BB35 /* ProductProjectTests-Info.plist */,
				CEC72CF8196DB5360009BB35 /* InfoPlist.strings */,
			);
			name = "Supporting Files";
			sourceTree = "<group>";
		};
/* End PBXGroup section */

/* Begin PBXNativeTarget section */
		CEC72CC6196DB5350009BB35 /* ProductProject */ = {
			isa = PBXNativeTarget;
			buildConfigurationList = CEC72CFF196DB5360009BB35 /* Build configuration list for PBXNativeTarget "ProductProject" */;
			buildPhases = (
				CEC72CC3196DB5350009BB35 /* Sources */,
				CEC72CC4196DB5350009BB35 /* Frameworks */,
				CEC72CC5196DB5350009BB35 /* Resources */,
			);
			buildRules = (
			);
			dependencies = (
			);
			name = ProductProject;
			productName = ProductProject;
			productReference = CEC72CC7196DB5360009BB35 /* ProductProject.app */;
			productType = "com.apple.product-type.application";
		};
		CEC72CED196DB5360009BB35 /* ProductProjectTests */ = {
			isa = PBXNativeTarget;
			buildConfigurationList = CEC72D02196DB5360009BB35 /* Build configuration list for PBXNativeTarget "ProductProjectTests" */;
			buildPhases = (
				CEC72CEA196DB5360009BB35 /* Sources */,
				CEC72CEB196DB5360009BB35 /* Frameworks */,
				CEC72CEC196DB5360009BB35 /* Resources */,
			);
			buildRules = (
			);
			dependencies = (
				CEC72CF4196DB5360009BB35 /* PBXTargetDependency */,
			);
			name = ProductProjectTests;
			productName = ProductProjectTests;
			productReference = CEC72CEE196DB5360009BB35 /* ProductProjectTests.xctest */;
			productType = "com.apple.product-type.bundle.unit-test";
		};
/* End PBXNativeTarget section */

/* Begin PBXProject section */
		CEC72CBF196DB5350009BB35 /* Project object */ = {
			isa = PBXProject;
			attributes = {
				CLASSPREFIX = JCG;
				LastUpgradeCheck = 0510;
				ORGANIZATIONNAME = "Jonathan Goldsmith";
				TargetAttributes = {
					CEC72CED196DB5360009BB35 = {
						TestTargetID = CEC72CC6196DB5350009BB35;
					};
				};
			};
			buildConfigurationList = CEC72CC2196DB5350009BB35 /* Build configuration list for PBXProject "ProductProject" */;
			compatibilityVersion = "Xcode 3.2";
			developmentRegion = English;
			hasScannedForEncodings = 0;
			knownRegions = (
				en,
				Base,
			);
			mainGroup = CEC72CBE196DB5350009BB35;
			productRefGroup = CEC72CC8196DB5360009BB35 /* Products */;
			projectDirPath = "";
			projectRoot = "";
			targets = (
				CEC72CC6196DB5350009BB35 /* ProductProject */,
				CEC72CED196DB5360009BB35 /* ProductProjectTests */,
			);
		};
/* End PBXProject section */

/* Begin PBXResourcesBuildPhase section */
		CEC72CC5196DB5350009BB35 /* Resources */ = {
			isa = PBXResourcesBuildPhase;
			buildActionMask = 2147483647;
			files = (
				CEC72CE9196DB5360009BB35 /* Images.xcassets in Resources */,
				CEC72CDE196DB5360009BB35 /* Main_iPhone.storyboard in Resources */,
				CEC72D09196DC7210009BB35 /* productModels.json in Resources */,
				CEC72CD5196DB5360009BB35 /* InfoPlist.strings in Resources */,
			);
			runOnlyForDeploymentPostprocessing = 0;
		};
		CEC72CEC196DB5360009BB35 /* Resources */ = {
			isa = PBXResourcesBuildPhase;
			buildActionMask = 2147483647;
			files = (
				CEC72CFA196DB5360009BB35 /* InfoPlist.strings in Resources */,
			);
			runOnlyForDeploymentPostprocessing = 0;
		};
/* End PBXResourcesBuildPhase section */

/* Begin PBXSourcesBuildPhase section */
		CEC72CC3196DB5350009BB35 /* Sources */ = {
			isa = PBXSourcesBuildPhase;
			buildActionMask = 2147483647;
			files = (
				CEC72CD7196DB5360009BB35 /* main.m in Sources */,
				CEC72D07196DC23B0009BB35 /* Product.m in Sources */,
				CEC73013197415E60009BB35 /* JCGTableViewController.m in Sources */,
				CEC72CE4196DB5360009BB35 /* JCGMasterViewController.m in Sources */,
				CEC72CE7196DB5360009BB35 /* JCGDetailViewController.m in Sources */,
				CEB388CD197D481D00D805CA /* JCGAddProductViewController.m in Sources */,
				CEC73016197473E40009BB35 /* JCGTableViewCell.m in Sources */,
				CEC72CDB196DB5360009BB35 /* JCGAppDelegate.m in Sources */,
			);
			runOnlyForDeploymentPostprocessing = 0;
		};
		CEC72CEA196DB5360009BB35 /* Sources */ = {
			isa = PBXSourcesBuildPhase;
			buildActionMask = 2147483647;
			files = (
				CEC72CFC196DB5360009BB35 /* ProductProjectTests.m in Sources */,
			);
			runOnlyForDeploymentPostprocessing = 0;
		};
/* End PBXSourcesBuildPhase section */

/* Begin PBXTargetDependency section */
		CEC72CF4196DB5360009BB35 /* PBXTargetDependency */ = {
			isa = PBXTargetDependency;
			target = CEC72CC6196DB5350009BB35 /* ProductProject */;
			targetProxy = CEC72CF3196DB5360009BB35 /* PBXContainerItemProxy */;
		};
/* End PBXTargetDependency section */

/* Begin PBXVariantGroup section */
		CEC72CD3196DB5360009BB35 /* InfoPlist.strings */ = {
			isa = PBXVariantGroup;
			children = (
				CEC72CD4196DB5360009BB35 /* en */,
			);
			name = InfoPlist.strings;
			sourceTree = "<group>";
		};
		CEC72CDC196DB5360009BB35 /* Main_iPhone.storyboard */ = {
			isa = PBXVariantGroup;
			children = (
				CEC72CDD196DB5360009BB35 /* Base */,
			);
			name = Main_iPhone.storyboard;
			sourceTree = "<group>";
		};
		CEC72CF8196DB5360009BB35 /* InfoPlist.strings */ = {
			isa = PBXVariantGroup;
			children = (
				CEC72CF9196DB5360009BB35 /* en */,
			);
			name = InfoPlist.strings;
			sourceTree = "<group>";
		};
/* End PBXVariantGroup section */

/* Begin XCBuildConfiguration section */
		CEC72CFD196DB5360009BB35 /* Debug */ = {
			isa = XCBuildConfiguration;
			buildSettings = {
				ALWAYS_SEARCH_USER_PATHS = NO;
				CLANG_CXX_LANGUAGE_STANDARD = "gnu++0x";
				CLANG_CXX_LIBRARY = "libc++";
				CLANG_ENABLE_MODULES = YES;
				CLANG_ENABLE_OBJC_ARC = YES;
				CLANG_WARN_BOOL_CONVERSION = YES;
				CLANG_WARN_CONSTANT_CONVERSION = YES;
				CLANG_WARN_DIRECT_OBJC_ISA_USAGE = YES_ERROR;
				CLANG_WARN_EMPTY_BODY = YES;
				CLANG_WARN_ENUM_CONVERSION = YES;
				CLANG_WARN_INT_CONVERSION = YES;
				CLANG_WARN_OBJC_ROOT_CLASS = YES_ERROR;
				CLANG_WARN__DUPLICATE_METHOD_MATCH = YES;
				"CODE_SIGN_IDENTITY[sdk=iphoneos*]" = "iPhone Developer";
				COPY_PHASE_STRIP = NO;
				GCC_C_LANGUAGE_STANDARD = gnu99;
				GCC_DYNAMIC_NO_PIC = NO;
				GCC_OPTIMIZATION_LEVEL = 0;
				GCC_PREPROCESSOR_DEFINITIONS = (
					"DEBUG=1",
					"$(inherited)",
				);
				GCC_SYMBOLS_PRIVATE_EXTERN = NO;
				GCC_WARN_64_TO_32_BIT_CONVERSION = YES;
				GCC_WARN_ABOUT_RETURN_TYPE = YES_ERROR;
				GCC_WARN_UNDECLARED_SELECTOR = YES;
				GCC_WARN_UNINITIALIZED_AUTOS = YES_AGGRESSIVE;
				GCC_WARN_UNUSED_FUNCTION = YES;
				GCC_WARN_UNUSED_VARIABLE = YES;
				IPHONEOS_DEPLOYMENT_TARGET = 7.1;
				ONLY_ACTIVE_ARCH = YES;
				SDKROOT = iphoneos;
				TARGETED_DEVICE_FAMILY = "1,2";
			};
			name = Debug;
		};
		CEC72CFE196DB5360009BB35 /* Release */ = {
			isa = XCBuildConfiguration;
			buildSettings = {
				ALWAYS_SEARCH_USER_PATHS = NO;
				CLANG_CXX_LANGUAGE_STANDARD = "gnu++0x";
				CLANG_CXX_LIBRARY = "libc++";
				CLANG_ENABLE_MODULES = YES;
				CLANG_ENABLE_OBJC_ARC = YES;
				CLANG_WARN_BOOL_CONVERSION = YES;
				CLANG_WARN_CONSTANT_CONVERSION = YES;
				CLANG_WARN_DIRECT_OBJC_ISA_USAGE = YES_ERROR;
				CLANG_WARN_EMPTY_BODY = YES;
				CLANG_WARN_ENUM_CONVERSION = YES;
				CLANG_WARN_INT_CONVERSION = YES;
				CLANG_WARN_OBJC_ROOT_CLASS = YES_ERROR;
				CLANG_WARN__DUPLICATE_METHOD_MATCH = YES;
				"CODE_SIGN_IDENTITY[sdk=iphoneos*]" = "iPhone Developer";
				COPY_PHASE_STRIP = YES;
				ENABLE_NS_ASSERTIONS = NO;
				GCC_C_LANGUAGE_STANDARD = gnu99;
				GCC_WARN_64_TO_32_BIT_CONVERSION = YES;
				GCC_WARN_ABOUT_RETURN_TYPE = YES_ERROR;
				GCC_WARN_UNDECLARED_SELECTOR = YES;
				GCC_WARN_UNINITIALIZED_AUTOS = YES_AGGRESSIVE;
				GCC_WARN_UNUSED_FUNCTION = YES;
				GCC_WARN_UNUSED_VARIABLE = YES;
				IPHONEOS_DEPLOYMENT_TARGET = 7.1;
				SDKROOT = iphoneos;
				TARGETED_DEVICE_FAMILY = "1,2";
				VALIDATE_PRODUCT = YES;
			};
			name = Release;
		};
		CEC72D00196DB5360009BB35 /* Debug */ = {
			isa = XCBuildConfiguration;
			buildSettings = {
				ASSETCATALOG_COMPILER_APPICON_NAME = AppIcon;
				ASSETCATALOG_COMPILER_LAUNCHIMAGE_NAME = LaunchImage;
				GCC_PRECOMPILE_PREFIX_HEADER = YES;
				GCC_PREFIX_HEADER = "ProductProject/ProductProject-Prefix.pch";
				INFOPLIST_FILE = "ProductProject/ProductProject-Info.plist";
				PRODUCT_NAME = "$(TARGET_NAME)";
				WRAPPER_EXTENSION = app;
			};
			name = Debug;
		};
		CEC72D01196DB5360009BB35 /* Release */ = {
			isa = XCBuildConfiguration;
			buildSettings = {
				ASSETCATALOG_COMPILER_APPICON_NAME = AppIcon;
				ASSETCATALOG_COMPILER_LAUNCHIMAGE_NAME = LaunchImage;
				GCC_PRECOMPILE_PREFIX_HEADER = YES;
				GCC_PREFIX_HEADER = "ProductProject/ProductProject-Prefix.pch";
				INFOPLIST_FILE = "ProductProject/ProductProject-Info.plist";
				PRODUCT_NAME = "$(TARGET_NAME)";
				WRAPPER_EXTENSION = app;
			};
			name = Release;
		};
		CEC72D03196DB5360009BB35 /* Debug */ = {
			isa = XCBuildConfiguration;
			buildSettings = {
				BUNDLE_LOADER = "$(BUILT_PRODUCTS_DIR)/ProductProject.app/ProductProject";
				FRAMEWORK_SEARCH_PATHS = (
					"$(SDKROOT)/Developer/Library/Frameworks",
					"$(inherited)",
					"$(DEVELOPER_FRAMEWORKS_DIR)",
				);
				GCC_PRECOMPILE_PREFIX_HEADER = YES;
				GCC_PREFIX_HEADER = "ProductProject/ProductProject-Prefix.pch";
				GCC_PREPROCESSOR_DEFINITIONS = (
					"DEBUG=1",
					"$(inherited)",
				);
				INFOPLIST_FILE = "ProductProjectTests/ProductProjectTests-Info.plist";
				PRODUCT_NAME = "$(TARGET_NAME)";
				TEST_HOST = "$(BUNDLE_LOADER)";
				WRAPPER_EXTENSION = xctest;
			};
			name = Debug;
		};
		CEC72D04196DB5360009BB35 /* Release */ = {
			isa = XCBuildConfiguration;
			buildSettings = {
				BUNDLE_LOADER = "$(BUILT_PRODUCTS_DIR)/ProductProject.app/ProductProject";
				FRAMEWORK_SEARCH_PATHS = (
					"$(SDKROOT)/Developer/Library/Frameworks",
					"$(inherited)",
					"$(DEVELOPER_FRAMEWORKS_DIR)",
				);
				GCC_PRECOMPILE_PREFIX_HEADER = YES;
				GCC_PREFIX_HEADER = "ProductProject/ProductProject-Prefix.pch";
				INFOPLIST_FILE = "ProductProjectTests/ProductProjectTests-Info.plist";
				PRODUCT_NAME = "$(TARGET_NAME)";
				TEST_HOST = "$(BUNDLE_LOADER)";
				WRAPPER_EXTENSION = xctest;
			};
			name = Release;
		};
/* End XCBuildConfiguration section */

/* Begin XCConfigurationList section */
		CEC72CC2196DB5350009BB35 /* Build configuration list for PBXProject "ProductProject" */ = {
			isa = XCConfigurationList;
			buildConfigurations = (
				CEC72CFD196DB5360009BB35 /* Debug */,
				CEC72CFE196DB5360009BB35 /* Release */,
			);
			defaultConfigurationIsVisible = 0;
			defaultConfigurationName = Release;
		};
		CEC72CFF196DB5360009BB35 /* Build configuration list for PBXNativeTarget "ProductProject" */ = {
			isa = XCConfigurationList;
			buildConfigurations = (
				CEC72D00196DB5360009BB35 /* Debug */,
				CEC72D01196DB5360009BB35 /* Release */,
			);
			defaultConfigurationIsVisible = 0;
			defaultConfigurationName = Release;
		};
		CEC72D02196DB5360009BB35 /* Build configuration list for PBXNativeTarget "ProductProjectTests" */ = {
			isa = XCConfigurationList;
			buildConfigurations = (
				CEC72D03196DB5360009BB35 /* Debug */,
				CEC72D04196DB5360009BB35 /* Release */,
			);
			defaultConfigurationIsVisible = 0;
			defaultConfigurationName = Release;
		};
/* End XCConfigurationList section */
	};
	rootObject = CEC72CBF196DB5350009BB35 /* Project object */;
}
